
Microsoft Visual Studio Solution File, Format Version 12.00
# Visual Studio Version 17
VisualStudioVersion = 17.4.33213.308
MinimumVisualStudioVersion = 10.0.40219.1
Project("{FAE04EC0-301F-11D3-BF4B-00C04F79EFBC}") = "Baalhyttebookning", "Baalhyttebookning\Baalhyttebookning.csproj", "{AA6067D6-F88D-4615-BB9B-20C2076158EC}"
EndProject
Global
	GlobalSection(SolutionConfigurationPlatforms) = preSolution
		Debug|Any CPU = Debug|Any CPU
		Release|Any CPU = Release|Any CPU
	EndGlobalSection
	GlobalSection(ProjectConfigurationPlatforms) = postSolution
		{AA6067D6-F88D-4615-BB9B-20C2076158EC}.Debug|Any CPU.ActiveCfg = Debug|Any CPU
		{AA6067D6-F88D-4615-BB9B-20C2076158EC}.Debug|Any CPU.Build.0 = Debug|Any CPU
		{AA6067D6-F88D-4615-BB9B-20C2076158EC}.Release|Any CPU.ActiveCfg = Release|Any CPU
		{AA6067D6-F88D-4615-BB9B-20C2076158EC}.Release|Any CPU.Build.0 = Release|Any CPU
	EndGlobalSection
	GlobalSection(SolutionProperties) = preSolution
		HideSolutionNode = FALSE
	EndGlobalSection
	GlobalSection(ExtensibilityGlobals) = postSolution
		SolutionGuid = {AF40D9A3-774C-4557-AA42-47361D303FC4}
	EndGlobalSection
EndGlobal
